
Microsoft Visual Studio Solution File, Format Version 12.00
# Visual Studio Version 17
VisualStudioVersion = 17.5.33530.505
MinimumVisualStudioVersion = 10.0.40219.1
Project("{FAE04EC0-301F-11D3-BF4B-00C04F79EFBC}") = "TodoList", "TodoList.csproj", "{CBFBA0E4-A3B4-4D69-A92B-1B579584E3D2}"
EndProject
Global
	GlobalSection(SolutionConfigurationPlatforms) = preSolution
		Debug|Any CPU = Debug|Any CPU
		Release|Any CPU = Release|Any CPU
	EndGlobalSection
	GlobalSection(ProjectConfigurationPlatforms) = postSolution
		{CBFBA0E4-A3B4-4D69-A92B-1B579584E3D2}.Debug|Any CPU.ActiveCfg = Debug|Any CPU
		{CBFBA0E4-A3B4-4D69-A92B-1B579584E3D2}.Debug|Any CPU.Build.0 = Debug|Any CPU
		{CBFBA0E4-A3B4-4D69-A92B-1B579584E3D2}.Release|Any CPU.ActiveCfg = Release|Any CPU
		{CBFBA0E4-A3B4-4D69-A92B-1B579584E3D2}.Release|Any CPU.Build.0 = Release|Any CPU
	EndGlobalSection
	GlobalSection(SolutionProperties) = preSolution
		HideSolutionNode = FALSE
	EndGlobalSection
	GlobalSection(ExtensibilityGlobals) = postSolution
		SolutionGuid = {9E68E91F-AC20-40B5-BA79-0DAE29E28E32}
	EndGlobalSection
EndGlobal
